// !$*UTF8*$!
{
	archiveVersion = 1;
	classes = {
	};
	objectVersion = 55;
	objects = {

/* Begin PBXBuildFile section */
		CF3BEBA827D0AD7D00E06975 /* AppDelegate.swift in Sources */ = {isa = PBXBuildFile; fileRef = CF3BEBA727D0AD7D00E06975 /* AppDelegate.swift */; };
		CF3BEBAA27D0AD7D00E06975 /* SceneDelegate.swift in Sources */ = {isa = PBXBuildFile; fileRef = CF3BEBA927D0AD7D00E06975 /* SceneDelegate.swift */; };
		CF3BEBAC27D0AD7D00E06975 /* ViewController.swift in Sources */ = {isa = PBXBuildFile; fileRef = CF3BEBAB27D0AD7D00E06975 /* ViewController.swift */; };
		CF3BEBAF27D0AD7D00E06975 /* Main.storyboard in Resources */ = {isa = PBXBuildFile; fileRef = CF3BEBAD27D0AD7D00E06975 /* Main.storyboard */; };
		CF3BEBB127D0AD7E00E06975 /* Assets.xcassets in Resources */ = {isa = PBXBuildFile; fileRef = CF3BEBB027D0AD7E00E06975 /* Assets.xcassets */; };
		CF3BEBB427D0AD7E00E06975 /* LaunchScreen.storyboard in Resources */ = {isa = PBXBuildFile; fileRef = CF3BEBB227D0AD7E00E06975 /* LaunchScreen.storyboard */; };
		CF3BEBBF27D0AD7F00E06975 /* PhoneNumberInputFieldTests.swift in Sources */ = {isa = PBXBuildFile; fileRef = CF3BEBBE27D0AD7F00E06975 /* PhoneNumberInputFieldTests.swift */; };
		CF3BEBC927D0AD7F00E06975 /* PhoneNumberInputFieldUITests.swift in Sources */ = {isa = PBXBuildFile; fileRef = CF3BEBC827D0AD7F00E06975 /* PhoneNumberInputFieldUITests.swift */; };
		CF3BEBCB27D0AD7F00E06975 /* PhoneNumberInputFieldUITestsLaunchTests.swift in Sources */ = {isa = PBXBuildFile; fileRef = CF3BEBCA27D0AD7F00E06975 /* PhoneNumberInputFieldUITestsLaunchTests.swift */; };
/* End PBXBuildFile section */

/* Begin PBXContainerItemProxy section */
		CF3BEBBB27D0AD7F00E06975 /* PBXContainerItemProxy */ = {
			isa = PBXContainerItemProxy;
			containerPortal = CF3BEB9C27D0AD7D00E06975 /* Project object */;
			proxyType = 1;
			remoteGlobalIDString = CF3BEBA327D0AD7D00E06975;
			remoteInfo = PhoneNumberInputField;
		};
		CF3BEBC527D0AD7F00E06975 /* PBXContainerItemProxy */ = {
			isa = PBXContainerItemProxy;
			containerPortal = CF3BEB9C27D0AD7D00E06975 /* Project object */;
			proxyType = 1;
			remoteGlobalIDString = CF3BEBA327D0AD7D00E06975;
			remoteInfo = PhoneNumberInputField;
		};
/* End PBXContainerItemProxy section */

/* Begin PBXFileReference section */
		CF3BEBA427D0AD7D00E06975 /* PhoneNumberInputField.app */ = {isa = PBXFileReference; explicitFileType = wrapper.application; includeInIndex = 0; path = PhoneNumberInputField.app; sourceTree = BUILT_PRODUCTS_DIR; };
		CF3BEBA727D0AD7D00E06975 /* AppDelegate.swift */ = {isa = PBXFileReference; lastKnownFileType = sourcecode.swift; path = AppDelegate.swift; sourceTree = "<group>"; };
		CF3BEBA927D0AD7D00E06975 /* SceneDelegate.swift */ = {isa = PBXFileReference; lastKnownFileType = sourcecode.swift; path = SceneDelegate.swift; sourceTree = "<group>"; };
		CF3BEBAB27D0AD7D00E06975 /* ViewController.swift */ = {isa = PBXFileReference; lastKnownFileType = sourcecode.swift; path = ViewController.swift; sourceTree = "<group>"; };
		CF3BEBAE27D0AD7D00E06975 /* Base */ = {isa = PBXFileReference; lastKnownFileType = file.storyboard; name = Base; path = Base.lproj/Main.storyboard; sourceTree = "<group>"; };
		CF3BEBB027D0AD7E00E06975 /* Assets.xcassets */ = {isa = PBXFileReference; lastKnownFileType = folder.assetcatalog; path = Assets.xcassets; sourceTree = "<group>"; };
		CF3BEBB327D0AD7E00E06975 /* Base */ = {isa = PBXFileReference; lastKnownFileType = file.storyboard; name = Base; path = Base.lproj/LaunchScreen.storyboard; sourceTree = "<group>"; };
		CF3BEBB527D0AD7E00E06975 /* Info.plist */ = {isa = PBXFileReference; lastKnownFileType = text.plist.xml; path = Info.plist; sourceTree = "<group>"; };
		CF3BEBBA27D0AD7F00E06975 /* PhoneNumberInputFieldTests.xctest */ = {isa = PBXFileReference; explicitFileType = wrapper.cfbundle; includeInIndex = 0; path = PhoneNumberInputFieldTests.xctest; sourceTree = BUILT_PRODUCTS_DIR; };
		CF3BEBBE27D0AD7F00E06975 /* PhoneNumberInputFieldTests.swift */ = {isa = PBXFileReference; lastKnownFileType = sourcecode.swift; path = PhoneNumberInputFieldTests.swift; sourceTree = "<group>"; };
		CF3BEBC427D0AD7F00E06975 /* PhoneNumberInputFieldUITests.xctest */ = {isa = PBXFileReference; explicitFileType = wrapper.cfbundle; includeInIndex = 0; path = PhoneNumberInputFieldUITests.xctest; sourceTree = BUILT_PRODUCTS_DIR; };
		CF3BEBC827D0AD7F00E06975 /* PhoneNumberInputFieldUITests.swift */ = {isa = PBXFileReference; lastKnownFileType = sourcecode.swift; path = PhoneNumberInputFieldUITests.swift; sourceTree = "<group>"; };
		CF3BEBCA27D0AD7F00E06975 /* PhoneNumberInputFieldUITestsLaunchTests.swift */ = {isa = PBXFileReference; lastKnownFileType = sourcecode.swift; path = PhoneNumberInputFieldUITestsLaunchTests.swift; sourceTree = "<group>"; };
/* End PBXFileReference section */

/* Begin PBXFrameworksBuildPhase section */
		CF3BEBA127D0AD7D00E06975 /* Frameworks */ = {
			isa = PBXFrameworksBuildPhase;
			buildActionMask = 2147483647;
			files = (
			);
			runOnlyForDeploymentPostprocessing = 0;
		};
		CF3BEBB727D0AD7F00E06975 /* Frameworks */ = {
			isa = PBXFrameworksBuildPhase;
			buildActionMask = 2147483647;
			files = (
			);
			runOnlyForDeploymentPostprocessing = 0;
		};
		CF3BEBC127D0AD7F00E06975 /* Frameworks */ = {
			isa = PBXFrameworksBuildPhase;
			buildActionMask = 2147483647;
			files = (
			);
			runOnlyForDeploymentPostprocessing = 0;
		};
/* End PBXFrameworksBuildPhase section */

/* Begin PBXGroup section */
		CF3BEB9B27D0AD7D00E06975 = {
			isa = PBXGroup;
			children = (
				CF3BEBA627D0AD7D00E06975 /* PhoneNumberInputField */,
				CF3BEBBD27D0AD7F00E06975 /* PhoneNumberInputFieldTests */,
				CF3BEBC727D0AD7F00E06975 /* PhoneNumberInputFieldUITests */,
				CF3BEBA527D0AD7D00E06975 /* Products */,
			);
			sourceTree = "<group>";
		};
		CF3BEBA527D0AD7D00E06975 /* Products */ = {
			isa = PBXGroup;
			children = (
				CF3BEBA427D0AD7D00E06975 /* PhoneNumberInputField.app */,
				CF3BEBBA27D0AD7F00E06975 /* PhoneNumberInputFieldTests.xctest */,
				CF3BEBC427D0AD7F00E06975 /* PhoneNumberInputFieldUITests.xctest */,
			);
			name = Products;
			sourceTree = "<group>";
		};
		CF3BEBA627D0AD7D00E06975 /* PhoneNumberInputField */ = {
			isa = PBXGroup;
			children = (
				CF3BEBA727D0AD7D00E06975 /* AppDelegate.swift */,
				CF3BEBA927D0AD7D00E06975 /* SceneDelegate.swift */,
				CF3BEBAB27D0AD7D00E06975 /* ViewController.swift */,
				CF3BEBAD27D0AD7D00E06975 /* Main.storyboard */,
				CF3BEBB027D0AD7E00E06975 /* Assets.xcassets */,
				CF3BEBB227D0AD7E00E06975 /* LaunchScreen.storyboard */,
				CF3BEBB527D0AD7E00E06975 /* Info.plist */,
			);
			path = PhoneNumberInputField;
			sourceTree = "<group>";
		};
		CF3BEBBD27D0AD7F00E06975 /* PhoneNumberInputFieldTests */ = {
			isa = PBXGroup;
			children = (
				CF3BEBBE27D0AD7F00E06975 /* PhoneNumberInputFieldTests.swift */,
			);
			path = PhoneNumberInputFieldTests;
			sourceTree = "<group>";
		};
		CF3BEBC727D0AD7F00E06975 /* PhoneNumberInputFieldUITests */ = {
			isa = PBXGroup;
			children = (
				CF3BEBC827D0AD7F00E06975 /* PhoneNumberInputFieldUITests.swift */,
				CF3BEBCA27D0AD7F00E06975 /* PhoneNumberInputFieldUITestsLaunchTests.swift */,
			);
			path = PhoneNumberInputFieldUITests;
			sourceTree = "<group>";
		};
/* End PBXGroup section */

/* Begin PBXNativeTarget section */
		CF3BEBA327D0AD7D00E06975 /* PhoneNumberInputField */ = {
			isa = PBXNativeTarget;
			buildConfigurationList = CF3BEBCE27D0AD7F00E06975 /* Build configuration list for PBXNativeTarget "PhoneNumberInputField" */;
			buildPhases = (
				CF3BEBA027D0AD7D00E06975 /* Sources */,
				CF3BEBA127D0AD7D00E06975 /* Frameworks */,
				CF3BEBA227D0AD7D00E06975 /* Resources */,
			);
			buildRules = (
			);
			dependencies = (
			);
			name = PhoneNumberInputField;
			productName = PhoneNumberInputField;
			productReference = CF3BEBA427D0AD7D00E06975 /* PhoneNumberInputField.app */;
			productType = "com.apple.product-type.application";
		};
		CF3BEBB927D0AD7F00E06975 /* PhoneNumberInputFieldTests */ = {
			isa = PBXNativeTarget;
			buildConfigurationList = CF3BEBD127D0AD7F00E06975 /* Build configuration list for PBXNativeTarget "PhoneNumberInputFieldTests" */;
			buildPhases = (
				CF3BEBB627D0AD7F00E06975 /* Sources */,
				CF3BEBB727D0AD7F00E06975 /* Frameworks */,
				CF3BEBB827D0AD7F00E06975 /* Resources */,
			);
			buildRules = (
			);
			dependencies = (
				CF3BEBBC27D0AD7F00E06975 /* PBXTargetDependency */,
			);
			name = PhoneNumberInputFieldTests;
			productName = PhoneNumberInputFieldTests;
			productReference = CF3BEBBA27D0AD7F00E06975 /* PhoneNumberInputFieldTests.xctest */;
			productType = "com.apple.product-type.bundle.unit-test";
		};
		CF3BEBC327D0AD7F00E06975 /* PhoneNumberInputFieldUITests */ = {
			isa = PBXNativeTarget;
			buildConfigurationList = CF3BEBD427D0AD7F00E06975 /* Build configuration list for PBXNativeTarget "PhoneNumberInputFieldUITests" */;
			buildPhases = (
				CF3BEBC027D0AD7F00E06975 /* Sources */,
				CF3BEBC127D0AD7F00E06975 /* Frameworks */,
				CF3BEBC227D0AD7F00E06975 /* Resources */,
			);
			buildRules = (
			);
			dependencies = (
				CF3BEBC627D0AD7F00E06975 /* PBXTargetDependency */,
			);
			name = PhoneNumberInputFieldUITests;
			productName = PhoneNumberInputFieldUITests;
			productReference = CF3BEBC427D0AD7F00E06975 /* PhoneNumberInputFieldUITests.xctest */;
			productType = "com.apple.product-type.bundle.ui-testing";
		};
/* End PBXNativeTarget section */

/* Begin PBXProject section */
		CF3BEB9C27D0AD7D00E06975 /* Project object */ = {
			isa = PBXProject;
			attributes = {
				BuildIndependentTargetsInParallel = 1;
				LastSwiftUpdateCheck = 1320;
				LastUpgradeCheck = 1320;
				TargetAttributes = {
					CF3BEBA327D0AD7D00E06975 = {
						CreatedOnToolsVersion = 13.2.1;
					};
					CF3BEBB927D0AD7F00E06975 = {
						CreatedOnToolsVersion = 13.2.1;
						TestTargetID = CF3BEBA327D0AD7D00E06975;
					};
					CF3BEBC327D0AD7F00E06975 = {
						CreatedOnToolsVersion = 13.2.1;
						TestTargetID = CF3BEBA327D0AD7D00E06975;
					};
				};
			};
			buildConfigurationList = CF3BEB9F27D0AD7D00E06975 /* Build configuration list for PBXProject "PhoneNumberInputField" */;
			compatibilityVersion = "Xcode 13.0";
			developmentRegion = en;
			hasScannedForEncodings = 0;
			knownRegions = (
				en,
				Base,
			);
			mainGroup = CF3BEB9B27D0AD7D00E06975;
			productRefGroup = CF3BEBA527D0AD7D00E06975 /* Products */;
			projectDirPath = "";
			projectRoot = "";
			targets = (
				CF3BEBA327D0AD7D00E06975 /* PhoneNumberInputField */,
				CF3BEBB927D0AD7F00E06975 /* PhoneNumberInputFieldTests */,
				CF3BEBC327D0AD7F00E06975 /* PhoneNumberInputFieldUITests */,
			);
		};
/* End PBXProject section */

/* Begin PBXResourcesBuildPhase section */
		CF3BEBA227D0AD7D00E06975 /* Resources */ = {
			isa = PBXResourcesBuildPhase;
			buildActionMask = 2147483647;
			files = (
				CF3BEBB427D0AD7E00E06975 /* LaunchScreen.storyboard in Resources */,
				CF3BEBB127D0AD7E00E06975 /* Assets.xcassets in Resources */,
				CF3BEBAF27D0AD7D00E06975 /* Main.storyboard in Resources */,
			);
			runOnlyForDeploymentPostprocessing = 0;
		};
		CF3BEBB827D0AD7F00E06975 /* Resources */ = {
			isa = PBXResourcesBuildPhase;
			buildActionMask = 2147483647;
			files = (
			);
			runOnlyForDeploymentPostprocessing = 0;
		};
		CF3BEBC227D0AD7F00E06975 /* Resources */ = {
			isa = PBXResourcesBuildPhase;
			buildActionMask = 2147483647;
			files = (
			);
			runOnlyForDeploymentPostprocessing = 0;
		};
/* End PBXResourcesBuildPhase section */

/* Begin PBXSourcesBuildPhase section */
		CF3BEBA027D0AD7D00E06975 /* Sources */ = {
			isa = PBXSourcesBuildPhase;
			buildActionMask = 2147483647;
			files = (
				CF3BEBAC27D0AD7D00E06975 /* ViewController.swift in Sources */,
				CF3BEBA827D0AD7D00E06975 /* AppDelegate.swift in Sources */,
				CF3BEBAA27D0AD7D00E06975 /* SceneDelegate.swift in Sources */,
			);
			runOnlyForDeploymentPostprocessing = 0;
		};
		CF3BEBB627D0AD7F00E06975 /* Sources */ = {
			isa = PBXSourcesBuildPhase;
			buildActionMask = 2147483647;
			files = (
				CF3BEBBF27D0AD7F00E06975 /* PhoneNumberInputFieldTests.swift in Sources */,
			);
			runOnlyForDeploymentPostprocessing = 0;
		};
		CF3BEBC027D0AD7F00E06975 /* Sources */ = {
			isa = PBXSourcesBuildPhase;
			buildActionMask = 2147483647;
			files = (
				CF3BEBCB27D0AD7F00E06975 /* PhoneNumberInputFieldUITestsLaunchTests.swift in Sources */,
				CF3BEBC927D0AD7F00E06975 /* PhoneNumberInputFieldUITests.swift in Sources */,
			);
			runOnlyForDeploymentPostprocessing = 0;
		};
/* End PBXSourcesBuildPhase section */

/* Begin PBXTargetDependency section */
		CF3BEBBC27D0AD7F00E06975 /* PBXTargetDependency */ = {
			isa = PBXTargetDependency;
			target = CF3BEBA327D0AD7D00E06975 /* PhoneNumberInputField */;
			targetProxy = CF3BEBBB27D0AD7F00E06975 /* PBXContainerItemProxy */;
		};
		CF3BEBC627D0AD7F00E06975 /* PBXTargetDependency */ = {
			isa = PBXTargetDependency;
			target = CF3BEBA327D0AD7D00E06975 /* PhoneNumberInputField */;
			targetProxy = CF3BEBC527D0AD7F00E06975 /* PBXContainerItemProxy */;
		};
/* End PBXTargetDependency section */

/* Begin PBXVariantGroup section */
		CF3BEBAD27D0AD7D00E06975 /* Main.storyboard */ = {
			isa = PBXVariantGroup;
			children = (
				CF3BEBAE27D0AD7D00E06975 /* Base */,
			);
			name = Main.storyboard;
			sourceTree = "<group>";
		};
		CF3BEBB227D0AD7E00E06975 /* LaunchScreen.storyboard */ = {
			isa = PBXVariantGroup;
			children = (
				CF3BEBB327D0AD7E00E06975 /* Base */,
			);
			name = LaunchScreen.storyboard;
			sourceTree = "<group>";
		};
/* End PBXVariantGroup section */

/* Begin XCBuildConfiguration section */
		CF3BEBCC27D0AD7F00E06975 /* Debug */ = {
			isa = XCBuildConfiguration;
			buildSettings = {
				ALWAYS_SEARCH_USER_PATHS = NO;
				CLANG_ANALYZER_NONNULL = YES;
				CLANG_ANALYZER_NUMBER_OBJECT_CONVERSION = YES_AGGRESSIVE;
				CLANG_CXX_LANGUAGE_STANDARD = "gnu++17";
				CLANG_CXX_LIBRARY = "libc++";
				CLANG_ENABLE_MODULES = YES;
				CLANG_ENABLE_OBJC_ARC = YES;
				CLANG_ENABLE_OBJC_WEAK = YES;
				CLANG_WARN_BLOCK_CAPTURE_AUTORELEASING = YES;
				CLANG_WARN_BOOL_CONVERSION = YES;
				CLANG_WARN_COMMA = YES;
				CLANG_WARN_CONSTANT_CONVERSION = YES;
				CLANG_WARN_DEPRECATED_OBJC_IMPLEMENTATIONS = YES;
				CLANG_WARN_DIRECT_OBJC_ISA_USAGE = YES_ERROR;
				CLANG_WARN_DOCUMENTATION_COMMENTS = YES;
				CLANG_WARN_EMPTY_BODY = YES;
				CLANG_WARN_ENUM_CONVERSION = YES;
				CLANG_WARN_INFINITE_RECURSION = YES;
				CLANG_WARN_INT_CONVERSION = YES;
				CLANG_WARN_NON_LITERAL_NULL_CONVERSION = YES;
				CLANG_WARN_OBJC_IMPLICIT_RETAIN_SELF = YES;
				CLANG_WARN_OBJC_LITERAL_CONVERSION = YES;
				CLANG_WARN_OBJC_ROOT_CLASS = YES_ERROR;
				CLANG_WARN_QUOTED_INCLUDE_IN_FRAMEWORK_HEADER = YES;
				CLANG_WARN_RANGE_LOOP_ANALYSIS = YES;
				CLANG_WARN_STRICT_PROTOTYPES = YES;
				CLANG_WARN_SUSPICIOUS_MOVE = YES;
				CLANG_WARN_UNGUARDED_AVAILABILITY = YES_AGGRESSIVE;
				CLANG_WARN_UNREACHABLE_CODE = YES;
				CLANG_WARN__DUPLICATE_METHOD_MATCH = YES;
				COPY_PHASE_STRIP = NO;
				DEBUG_INFORMATION_FORMAT = dwarf;
				ENABLE_STRICT_OBJC_MSGSEND = YES;
				ENABLE_TESTABILITY = YES;
				GCC_C_LANGUAGE_STANDARD = gnu11;
				GCC_DYNAMIC_NO_PIC = NO;
				GCC_NO_COMMON_BLOCKS = YES;
				GCC_OPTIMIZATION_LEVEL = 0;
				GCC_PREPROCESSOR_DEFINITIONS = (
					"DEBUG=1",
					"$(inherited)",
				);
				GCC_WARN_64_TO_32_BIT_CONVERSION = YES;
				GCC_WARN_ABOUT_RETURN_TYPE = YES_ERROR;
				GCC_WARN_UNDECLARED_SELECTOR = YES;
				GCC_WARN_UNINITIALIZED_AUTOS = YES_AGGRESSIVE;
				GCC_WARN_UNUSED_FUNCTION = YES;
				GCC_WARN_UNUSED_VARIABLE = YES;
				IPHONEOS_DEPLOYMENT_TARGET = 15.2;
				MTL_ENABLE_DEBUG_INFO = INCLUDE_SOURCE;
				MTL_FAST_MATH = YES;
				ONLY_ACTIVE_ARCH = YES;
				SDKROOT = iphoneos;
				SWIFT_ACTIVE_COMPILATION_CONDITIONS = DEBUG;
				SWIFT_OPTIMIZATION_LEVEL = "-Onone";
			};
			name = Debug;
		};
		CF3BEBCD27D0AD7F00E06975 /* Release */ = {
			isa = XCBuildConfiguration;
			buildSettings = {
				ALWAYS_SEARCH_USER_PATHS = NO;
				CLANG_ANALYZER_NONNULL = YES;
				CLANG_ANALYZER_NUMBER_OBJECT_CONVERSION = YES_AGGRESSIVE;
				CLANG_CXX_LANGUAGE_STANDARD = "gnu++17";
				CLANG_CXX_LIBRARY = "libc++";
				CLANG_ENABLE_MODULES = YES;
				CLANG_ENABLE_OBJC_ARC = YES;
				CLANG_ENABLE_OBJC_WEAK = YES;
				CLANG_WARN_BLOCK_CAPTURE_AUTORELEASING = YES;
				CLANG_WARN_BOOL_CONVERSION = YES;
				CLANG_WARN_COMMA = YES;
				CLANG_WARN_CONSTANT_CONVERSION = YES;
				CLANG_WARN_DEPRECATED_OBJC_IMPLEMENTATIONS = YES;
				CLANG_WARN_DIRECT_OBJC_ISA_USAGE = YES_ERROR;
				CLANG_WARN_DOCUMENTATION_COMMENTS = YES;
				CLANG_WARN_EMPTY_BODY = YES;
				CLANG_WARN_ENUM_CONVERSION = YES;
				CLANG_WARN_INFINITE_RECURSION = YES;
				CLANG_WARN_INT_CONVERSION = YES;
				CLANG_WARN_NON_LITERAL_NULL_CONVERSION = YES;
				CLANG_WARN_OBJC_IMPLICIT_RETAIN_SELF = YES;
				CLANG_WARN_OBJC_LITERAL_CONVERSION = YES;
				CLANG_WARN_OBJC_ROOT_CLASS = YES_ERROR;
				CLANG_WARN_QUOTED_INCLUDE_IN_FRAMEWORK_HEADER = YES;
				CLANG_WARN_RANGE_LOOP_ANALYSIS = YES;
				CLANG_WARN_STRICT_PROTOTYPES = YES;
				CLANG_WARN_SUSPICIOUS_MOVE = YES;
				CLANG_WARN_UNGUARDED_AVAILABILITY = YES_AGGRESSIVE;
				CLANG_WARN_UNREACHABLE_CODE = YES;
				CLANG_WARN__DUPLICATE_METHOD_MATCH = YES;
				COPY_PHASE_STRIP = NO;
				DEBUG_INFORMATION_FORMAT = "dwarf-with-dsym";
				ENABLE_NS_ASSERTIONS = NO;
				ENABLE_STRICT_OBJC_MSGSEND = YES;
				GCC_C_LANGUAGE_STANDARD = gnu11;
				GCC_NO_COMMON_BLOCKS = YES;
				GCC_WARN_64_TO_32_BIT_CONVERSION = YES;
				GCC_WARN_ABOUT_RETURN_TYPE = YES_ERROR;
				GCC_WARN_UNDECLARED_SELECTOR = YES;
				GCC_WARN_UNINITIALIZED_AUTOS = YES_AGGRESSIVE;
				GCC_WARN_UNUSED_FUNCTION = YES;
				GCC_WARN_UNUSED_VARIABLE = YES;
				IPHONEOS_DEPLOYMENT_TARGET = 15.2;
				MTL_ENABLE_DEBUG_INFO = NO;
				MTL_FAST_MATH = YES;
				SDKROOT = iphoneos;
				SWIFT_COMPILATION_MODE = wholemodule;
				SWIFT_OPTIMIZATION_LEVEL = "-O";
				VALIDATE_PRODUCT = YES;
			};
			name = Release;
		};
		CF3BEBCF27D0AD7F00E06975 /* Debug */ = {
			isa = XCBuildConfiguration;
			buildSettings = {
				ASSETCATALOG_COMPILER_APPICON_NAME = AppIcon;
				ASSETCATALOG_COMPILER_GLOBAL_ACCENT_COLOR_NAME = AccentColor;
				CODE_SIGN_STYLE = Automatic;
				CURRENT_PROJECT_VERSION = 1;
				DEVELOPMENT_TEAM = YLBX7YJ47Z;
				GENERATE_INFOPLIST_FILE = YES;
				INFOPLIST_FILE = PhoneNumberInputField/Info.plist;
				INFOPLIST_KEY_UIApplicationSupportsIndirectInputEvents = YES;
				INFOPLIST_KEY_UILaunchStoryboardName = LaunchScreen;
				INFOPLIST_KEY_UIMainStoryboardFile = Main;
				INFOPLIST_KEY_UISupportedInterfaceOrientations_iPad = "UIInterfaceOrientationPortrait UIInterfaceOrientationPortraitUpsideDown UIInterfaceOrientationLandscapeLeft UIInterfaceOrientationLandscapeRight";
				INFOPLIST_KEY_UISupportedInterfaceOrientations_iPhone = "UIInterfaceOrientationPortrait UIInterfaceOrientationLandscapeLeft UIInterfaceOrientationLandscapeRight";
				LD_RUNPATH_SEARCH_PATHS = (
					"$(inherited)",
					"@executable_path/Frameworks",
				);
				MARKETING_VERSION = 1.0;
				PRODUCT_BUNDLE_IDENTIFIER = com.goldena.PhoneNumberInputField;
				PRODUCT_NAME = "$(TARGET_NAME)";
				SWIFT_EMIT_LOC_STRINGS = YES;
				SWIFT_VERSION = 5.0;
				TARGETED_DEVICE_FAMILY = "1,2";
			};
			name = Debug;
		};
		CF3BEBD027D0AD7F00E06975 /* Release */ = {
			isa = XCBuildConfiguration;
			buildSettings = {
				ASSETCATALOG_COMPILER_APPICON_NAME = AppIcon;
				ASSETCATALOG_COMPILER_GLOBAL_ACCENT_COLOR_NAME = AccentColor;
				CODE_SIGN_STYLE = Automatic;
				CURRENT_PROJECT_VERSION = 1;
				DEVELOPMENT_TEAM = YLBX7YJ47Z;
				GENERATE_INFOPLIST_FILE = YES;
				INFOPLIST_FILE = PhoneNumberInputField/Info.plist;
				INFOPLIST_KEY_UIApplicationSupportsIndirectInputEvents = YES;
				INFOPLIST_KEY_UILaunchStoryboardName = LaunchScreen;
				INFOPLIST_KEY_UIMainStoryboardFile = Main;
				INFOPLIST_KEY_UISupportedInterfaceOrientations_iPad = "UIInterfaceOrientationPortrait UIInterfaceOrientationPortraitUpsideDown UIInterfaceOrientationLandscapeLeft UIInterfaceOrientationLandscapeRight";
				INFOPLIST_KEY_UISupportedInterfaceOrientations_iPhone = "UIInterfaceOrientationPortrait UIInterfaceOrientationLandscapeLeft UIInterfaceOrientationLandscapeRight";
				LD_RUNPATH_SEARCH_PATHS = (
					"$(inherited)",
					"@executable_path/Frameworks",
				);
				MARKETING_VERSION = 1.0;
				PRODUCT_BUNDLE_IDENTIFIER = com.goldena.PhoneNumberInputField;
				PRODUCT_NAME = "$(TARGET_NAME)";
				SWIFT_EMIT_LOC_STRINGS = YES;
				SWIFT_VERSION = 5.0;
				TARGETED_DEVICE_FAMILY = "1,2";
			};
			name = Release;
		};
		CF3BEBD227D0AD7F00E06975 /* Debug */ = {
			isa = XCBuildConfiguration;
			buildSettings = {
				ALWAYS_EMBED_SWIFT_STANDARD_LIBRARIES = YES;
				BUNDLE_LOADER = "$(TEST_HOST)";
				CODE_SIGN_STYLE = Automatic;
				CURRENT_PROJECT_VERSION = 1;
				DEVELOPMENT_TEAM = YLBX7YJ47Z;
				GENERATE_INFOPLIST_FILE = YES;
				IPHONEOS_DEPLOYMENT_TARGET = 15.2;
				MARKETING_VERSION = 1.0;
				PRODUCT_BUNDLE_IDENTIFIER = com.goldena.PhoneNumberInputFieldTests;
				PRODUCT_NAME = "$(TARGET_NAME)";
				SWIFT_EMIT_LOC_STRINGS = NO;
				SWIFT_VERSION = 5.0;
				TARGETED_DEVICE_FAMILY = "1,2";
				TEST_HOST = "$(BUILT_PRODUCTS_DIR)/PhoneNumberInputField.app/PhoneNumberInputField";
			};
			name = Debug;
		};
		CF3BEBD327D0AD7F00E06975 /* Release */ = {
			isa = XCBuildConfiguration;
			buildSettings = {
				ALWAYS_EMBED_SWIFT_STANDARD_LIBRARIES = YES;
				BUNDLE_LOADER = "$(TEST_HOST)";
				CODE_SIGN_STYLE = Automatic;
				CURRENT_PROJECT_VERSION = 1;
				DEVELOPMENT_TEAM = YLBX7YJ47Z;
				GENERATE_INFOPLIST_FILE = YES;
				IPHONEOS_DEPLOYMENT_TARGET = 15.2;
				MARKETING_VERSION = 1.0;
				PRODUCT_BUNDLE_IDENTIFIER = com.goldena.PhoneNumberInputFieldTests;
				PRODUCT_NAME = "$(TARGET_NAME)";
				SWIFT_EMIT_LOC_STRINGS = NO;
				SWIFT_VERSION = 5.0;
				TARGETED_DEVICE_FAMILY = "1,2";
				TEST_HOST = "$(BUILT_PRODUCTS_DIR)/PhoneNumberInputField.app/PhoneNumberInputField";
			};
			name = Release;
		};
		CF3BEBD527D0AD7F00E06975 /* Debug */ = {
			isa = XCBuildConfiguration;
			buildSettings = {
				ALWAYS_EMBED_SWIFT_STANDARD_LIBRARIES = YES;
				CODE_SIGN_STYLE = Automatic;
				CURRENT_PROJECT_VERSION = 1;
				DEVELOPMENT_TEAM = YLBX7YJ47Z;
				GENERATE_INFOPLIST_FILE = YES;
				MARKETING_VERSION = 1.0;
				PRODUCT_BUNDLE_IDENTIFIER = com.goldena.PhoneNumberInputFieldUITests;
				PRODUCT_NAME = "$(TARGET_NAME)";
				SWIFT_EMIT_LOC_STRINGS = NO;
				SWIFT_VERSION = 5.0;
				TARGETED_DEVICE_FAMILY = "1,2";
				TEST_TARGET_NAME = PhoneNumberInputField;
			};
			name = Debug;
		};
		CF3BEBD627D0AD7F00E06975 /* Release */ = {
			isa = XCBuildConfiguration;
			buildSettings = {
				ALWAYS_EMBED_SWIFT_STANDARD_LIBRARIES = YES;
				CODE_SIGN_STYLE = Automatic;
				CURRENT_PROJECT_VERSION = 1;
				DEVELOPMENT_TEAM = YLBX7YJ47Z;
				GENERATE_INFOPLIST_FILE = YES;
				MARKETING_VERSION = 1.0;
				PRODUCT_BUNDLE_IDENTIFIER = com.goldena.PhoneNumberInputFieldUITests;
				PRODUCT_NAME = "$(TARGET_NAME)";
				SWIFT_EMIT_LOC_STRINGS = NO;
				SWIFT_VERSION = 5.0;
				TARGETED_DEVICE_FAMILY = "1,2";
				TEST_TARGET_NAME = PhoneNumberInputField;
			};
			name = Release;
		};
/* End XCBuildConfiguration section */

/* Begin XCConfigurationList section */
		CF3BEB9F27D0AD7D00E06975 /* Build configuration list for PBXProject "PhoneNumberInputField" */ = {
			isa = XCConfigurationList;
			buildConfigurations = (
				CF3BEBCC27D0AD7F00E06975 /* Debug */,
				CF3BEBCD27D0AD7F00E06975 /* Release */,
			);
			defaultConfigurationIsVisible = 0;
			defaultConfigurationName = Release;
		};
		CF3BEBCE27D0AD7F00E06975 /* Build configuration list for PBXNativeTarget "PhoneNumberInputField" */ = {
			isa = XCConfigurationList;
			buildConfigurations = (
				CF3BEBCF27D0AD7F00E06975 /* Debug */,
				CF3BEBD027D0AD7F00E06975 /* Release */,
			);
			defaultConfigurationIsVisible = 0;
			defaultConfigurationName = Release;
		};
		CF3BEBD127D0AD7F00E06975 /* Build configuration list for PBXNativeTarget "PhoneNumberInputFieldTests" */ = {
			isa = XCConfigurationList;
			buildConfigurations = (
				CF3BEBD227D0AD7F00E06975 /* Debug */,
				CF3BEBD327D0AD7F00E06975 /* Release */,
			);
			defaultConfigurationIsVisible = 0;
			defaultConfigurationName = Release;
		};
		CF3BEBD427D0AD7F00E06975 /* Build configuration list for PBXNativeTarget "PhoneNumberInputFieldUITests" */ = {
			isa = XCConfigurationList;
			buildConfigurations = (
				CF3BEBD527D0AD7F00E06975 /* Debug */,
				CF3BEBD627D0AD7F00E06975 /* Release */,
			);
			defaultConfigurationIsVisible = 0;
			defaultConfigurationName = Release;
		};
/* End XCConfigurationList section */
	};
	rootObject = CF3BEB9C27D0AD7D00E06975 /* Project object */;
}
